
Microsoft Visual Studio Solution File, Format Version 12.00
# Visual Studio Version 17
VisualStudioVersion = 17.10.35122.118
MinimumVisualStudioVersion = 10.0.40219.1
Project("{FAE04EC0-301F-11D3-BF4B-00C04F79EFBC}") = "Assignment 1.1", "Assignment 1.1\Assignment 1.1.csproj", "{21DC31CB-099B-4045-AFCF-DEA51EB96AE9}"
EndProject
Global
	GlobalSection(SolutionConfigurationPlatforms) = preSolution
		Debug|Any CPU = Debug|Any CPU
		Release|Any CPU = Release|Any CPU
	EndGlobalSection
	GlobalSection(ProjectConfigurationPlatforms) = postSolution
		{21DC31CB-099B-4045-AFCF-DEA51EB96AE9}.Debug|Any CPU.ActiveCfg = Debug|Any CPU
		{21DC31CB-099B-4045-AFCF-DEA51EB96AE9}.Debug|Any CPU.Build.0 = Debug|Any CPU
		{21DC31CB-099B-4045-AFCF-DEA51EB96AE9}.Release|Any CPU.ActiveCfg = Release|Any CPU
		{21DC31CB-099B-4045-AFCF-DEA51EB96AE9}.Release|Any CPU.Build.0 = Release|Any CPU
	EndGlobalSection
	GlobalSection(SolutionProperties) = preSolution
		HideSolutionNode = FALSE
	EndGlobalSection
	GlobalSection(ExtensibilityGlobals) = postSolution
		SolutionGuid = {6A9FD9C8-51C5-496A-87FF-AF4C699E8C6C}
	EndGlobalSection
EndGlobal
